{
  "version": 4,
  "terraform_version": "1.0.11",
  "serial": 23,
  "lineage": "d5a33b99-64ac-923d-8c8c-3b12b7939217",
  "outputs": {},
  "resources": [
    {
      "mode": "data",
      "type": "local_file",
      "name": "ldap_client_ca_certificate",
      "provider": "provider[\"registry.terraform.io/hashicorp/local\"]",
      "instances": []
    },
    {
      "mode": "data",
      "type": "local_file",
      "name": "ldap_client_tls_cert",
      "provider": "provider[\"registry.terraform.io/hashicorp/local\"]",
      "instances": []
    },
    {
      "mode": "data",
      "type": "local_file",
      "name": "ldap_client_tls_key",
      "provider": "provider[\"registry.terraform.io/hashicorp/local\"]",
      "instances": []
    },
    {
      "module": "module.mount-and-configure",
      "mode": "managed",
      "type": "vault_mount",
      "name": "this",
      "provider": "provider[\"registry.terraform.io/hashicorp/vault\"]",
      "instances": [
        {
          "schema_version": 0,
          "attributes": {
            "accessor": "openldap_ea6f0890",
            "default_lease_ttl_seconds": 0,
            "description": "OpenLDAP secret engine mount",
            "external_entropy_access": false,
            "id": "openldap-db2",
            "local": false,
            "max_lease_ttl_seconds": 0,
            "options": {},
            "path": "openldap-db2",
            "seal_wrap": false,
            "type": "openldap"
          },
          "sensitive_attributes": [],
          "private": "bnVsbA=="
        }
      ]
    },
    {
      "module": "module.mount-and-configure",
      "mode": "managed",
      "type": "vault_password_policy",
      "name": "this",
      "provider": "provider[\"registry.terraform.io/hashicorp/vault\"]",
      "instances": [
        {
          "schema_version": 0,
          "attributes": {
            "id": "vault-db2-password-policy",
            "name": "vault-db2-password-policy",
            "policy": "length = 14\nrule \"charset\" {\n  charset = \"abcdefghijklmnopqrstuvwxyz0123456789\"\n}\n"
          },
          "sensitive_attributes": [],
          "private": "bnVsbA=="
        }
      ]
    }
  ]
}
