{
  "version": 4,
  "terraform_version": "1.0.11",
  "serial": 26,
  "lineage": "d5a33b99-64ac-923d-8c8c-3b12b7939217",
  "outputs": {},
  "resources": [
    {
      "module": "module.dynamic-credentials",
      "mode": "managed",
      "type": "vault_generic_endpoint",
      "name": "role",
      "provider": "provider[\"registry.terraform.io/hashicorp/vault\"]",
      "instances": [
        {
          "schema_version": 1,
          "attributes": {
            "data_json": "{\"creation_ldif\":\"ZG46IHVpZD17ey5Vc2VybmFtZX19LG91PWhjdmF1bHRfZGIyX3VzZXJzLE89U1RBVEVGQVJNLEM9VVMKb2JqZWN0Q2xhc3M6IHRvcApvYmplY3RDbGFzczogcGVyc29uCm9iamVjdENsYXNzOiBzZmluZXRvcmdwZXJzb24Kb2JqZWN0Q2xhc3M6IHBvc2l4YWNvdW50CnNmYjJib3JnZW50ZXJwcmlzZWlkOiA4dzh3OHc4dzgKc246IHt7LlBhc3N3b3JkIHwgdXRmMTZsZSB8IGJhc2U2NH19CnNmYjJidW5pdmVyc2FsaWQ6IDh3OHc4dzh3CnVzZXJQYXNzd29yZDoge3suUGFzc3dvcmR9fQpjbjoge3suVXNlcm5hbWV9fQp1aWQ6IHt7LlVzZXJuYW1lfX0=\",\"default_ttl\":\"\",\"deletion_ldif\":\"ZG46IGNuPXt7LlVzZXJuYW1lfX0sb3U9dXNlcnMsZGM9ZXhhbXBsZSxkYz1jb20KY2hhbmdldHlwZTogZGVsZXRl\",\"max_ttl\":\"\",\"rollback_ldif\":\"ZG46IGNuPXt7LlVzZXJuYW1lfX0sb3U9dXNlcnMsZGM9ZXhhbXBsZSxkYz1jb20KY2hhbmdldHlwZTogZGVsZXRl\",\"username_template\":\"\"}",
            "disable_delete": false,
            "disable_read": true,
            "id": "openldap-db2/role/metautd-readonly-db2role",
            "ignore_absent_fields": true,
            "path": "openldap-db2/role/metautd-readonly-db2role",
            "write_data": {},
            "write_data_json": "null",
            "write_fields": null
          },
          "sensitive_attributes": [],
          "private": "eyJzY2hlbWFfdmVyc2lvbiI6IjEifQ==",
          "dependencies": [
            "data.local_file.ldap_client_ca_certificate",
            "data.local_file.ldap_client_tls_cert",
            "data.local_file.ldap_client_tls_key",
            "module.mount-and-configure.vault_generic_endpoint.config",
            "module.mount-and-configure.vault_mount.this",
            "module.mount-and-configure.vault_password_policy.this",
            "module.vault_kv_read.data.vault_generic_secret.this"
          ]
        }
      ]
    },
    {
      "module": "module.mount-and-configure",
      "mode": "managed",
      "type": "vault_generic_endpoint",
      "name": "config",
      "provider": "provider[\"registry.terraform.io/hashicorp/vault\"]",
      "instances": [
        {
          "schema_version": 1,
          "attributes": {
            "data_json": "{\"binddn\":\"ou=hcvault_db2_users,O=STATEFARM,C=US\",\"bindpass\":\"gQclofzywumizJJWN\",\"certificate\":\"\",\"client_tls_cert\":\"\",\"client_tls_key\":\"\",\"insecure_tls\":\"true\",\"password_policy\":\"vault-db2-password-policy\",\"request_timeout\":\"90\",\"schema\":\"openldap\",\"starttls\":\"false\",\"url\":\"ldaps://ldap-sbx.opr.test.statefarm.org:2636\"}",
            "disable_delete": true,
            "disable_read": true,
            "id": "openldap-db2/config",
            "ignore_absent_fields": true,
            "path": "openldap-db2/config",
            "write_data": {},
            "write_data_json": "null",
            "write_fields": null
          },
          "sensitive_attributes": [
            [
              {
                "type": "get_attr",
                "value": "data_json"
              }
            ]
          ],
          "private": "eyJzY2hlbWFfdmVyc2lvbiI6IjEifQ==",
          "dependencies": [
            "data.local_file.ldap_client_ca_certificate",
            "data.local_file.ldap_client_tls_cert",
            "data.local_file.ldap_client_tls_key",
            "module.mount-and-configure.vault_mount.this",
            "module.mount-and-configure.vault_password_policy.this",
            "module.vault_kv_read.data.vault_generic_secret.this"
          ]
        }
      ]
    },
    {
      "module": "module.mount-and-configure",
      "mode": "managed",
      "type": "vault_mount",
      "name": "this",
      "provider": "provider[\"registry.terraform.io/hashicorp/vault\"]",
      "instances": [
        {
          "schema_version": 0,
          "attributes": {
            "accessor": "openldap_ea6f0890",
            "default_lease_ttl_seconds": 0,
            "description": "OpenLDAP secret engine mount",
            "external_entropy_access": false,
            "id": "openldap-db2",
            "local": false,
            "max_lease_ttl_seconds": 0,
            "options": {},
            "path": "openldap-db2",
            "seal_wrap": false,
            "type": "openldap"
          },
          "sensitive_attributes": [],
          "private": "bnVsbA=="
        }
      ]
    },
    {
      "module": "module.mount-and-configure",
      "mode": "managed",
      "type": "vault_password_policy",
      "name": "this",
      "provider": "provider[\"registry.terraform.io/hashicorp/vault\"]",
      "instances": [
        {
          "schema_version": 0,
          "attributes": {
            "id": "vault-db2-password-policy",
            "name": "vault-db2-password-policy",
            "policy": "length = 14\nrule \"charset\" {\n  charset = \"abcdefghijklmnopqrstuvwxyz0123456789\"\n}\n"
          },
          "sensitive_attributes": [],
          "private": "bnVsbA=="
        }
      ]
    }
  ]
}
