
Microsoft Visual Studio Solution File, Format Version 12.00
# Visual Studio Version 16
VisualStudioVersion = 16.0.31911.196
MinimumVisualStudioVersion = 10.0.40219.1
Project("{FAE04EC0-301F-11D3-BF4B-00C04F79EFBC}") = "Training.WebAPI", "Training.WebAPI\Training.WebAPI.csproj", "{3BB58F8C-41E5-4483-A2AB-372604BBFB4E}"
EndProject
Global
	GlobalSection(SolutionConfigurationPlatforms) = preSolution
		Debug|Any CPU = Debug|Any CPU
		Release|Any CPU = Release|Any CPU
	EndGlobalSection
	GlobalSection(ProjectConfigurationPlatforms) = postSolution
		{3BB58F8C-41E5-4483-A2AB-372604BBFB4E}.Debug|Any CPU.ActiveCfg = Debug|Any CPU
		{3BB58F8C-41E5-4483-A2AB-372604BBFB4E}.Debug|Any CPU.Build.0 = Debug|Any CPU
		{3BB58F8C-41E5-4483-A2AB-372604BBFB4E}.Release|Any CPU.ActiveCfg = Release|Any CPU
		{3BB58F8C-41E5-4483-A2AB-372604BBFB4E}.Release|Any CPU.Build.0 = Release|Any CPU
	EndGlobalSection
	GlobalSection(SolutionProperties) = preSolution
		HideSolutionNode = FALSE
	EndGlobalSection
	GlobalSection(ExtensibilityGlobals) = postSolution
		SolutionGuid = {8ABAC97B-FC9C-4EB0-84B0-6CA2C0CAB852}
	EndGlobalSection
EndGlobal
