
Microsoft Visual Studio Solution File, Format Version 12.00
# Visual Studio Version 16
VisualStudioVersion = 16.0.810.13
MinimumVisualStudioVersion = 10.0.40219.1
Project("{FAE04EC0-301F-11D3-BF4B-00C04F79EFBC}") = "OOP", "abstraction\OOP.csproj", "{F59D1BEE-B225-4D1F-BFE2-293B257FD009}"
EndProject
Project("{FAE04EC0-301F-11D3-BF4B-00C04F79EFBC}") = "Exercise", "Exercise\Exercise.csproj", "{2FE9833B-F703-447C-B8F9-361FB8976B9F}"
EndProject
Global
	GlobalSection(SolutionConfigurationPlatforms) = preSolution
		Debug|Any CPU = Debug|Any CPU
		Release|Any CPU = Release|Any CPU
	EndGlobalSection
	GlobalSection(ProjectConfigurationPlatforms) = postSolution
		{F59D1BEE-B225-4D1F-BFE2-293B257FD009}.Debug|Any CPU.ActiveCfg = Debug|Any CPU
		{F59D1BEE-B225-4D1F-BFE2-293B257FD009}.Debug|Any CPU.Build.0 = Debug|Any CPU
		{F59D1BEE-B225-4D1F-BFE2-293B257FD009}.Release|Any CPU.ActiveCfg = Release|Any CPU
		{F59D1BEE-B225-4D1F-BFE2-293B257FD009}.Release|Any CPU.Build.0 = Release|Any CPU
		{2FE9833B-F703-447C-B8F9-361FB8976B9F}.Debug|Any CPU.ActiveCfg = Debug|Any CPU
		{2FE9833B-F703-447C-B8F9-361FB8976B9F}.Debug|Any CPU.Build.0 = Debug|Any CPU
		{2FE9833B-F703-447C-B8F9-361FB8976B9F}.Release|Any CPU.ActiveCfg = Release|Any CPU
		{2FE9833B-F703-447C-B8F9-361FB8976B9F}.Release|Any CPU.Build.0 = Release|Any CPU
	EndGlobalSection
	GlobalSection(SolutionProperties) = preSolution
		HideSolutionNode = FALSE
	EndGlobalSection
	GlobalSection(ExtensibilityGlobals) = postSolution
		SolutionGuid = {1C36EBC2-A18F-4531-BA67-B9013E4F490C}
	EndGlobalSection
EndGlobal
