{
    "version": 3,
    "terraform_version": "0.9.1",
    "serial": 6,
    "lineage": "4b61d9df-7e66-4ef6-898e-8edb88efa305",
    "modules": [
        {
            "path": [
                "root"
            ],
            "outputs": {
                "node_id": {
                    "sensitive": false,
                    "type": "list",
                    "value": [
                        "node-0"
                    ]
                },
                "node_ip": {
                    "sensitive": false,
                    "type": "list",
                    "value": [
                        "10.128.0.2"
                    ]
                }
            },
            "resources": {},
            "depends_on": []
        },
        {
            "path": [
                "root",
                "node"
            ],
            "outputs": {
                "node_instance_id": {
                    "sensitive": false,
                    "type": "list",
                    "value": [
                        "node-0"
                    ]
                },
                "node_ip": {
                    "sensitive": false,
                    "type": "list",
                    "value": [
                        "10.128.0.2"
                    ]
                }
            },
            "resources": {
                "google_compute_instance.node": {
                    "type": "google_compute_instance",
                    "depends_on": [],
                    "primary": {
                        "id": "node-0",
                        "attributes": {
                            "can_ip_forward": "false",
                            "create_timeout": "4",
                            "disk.#": "1",
                            "disk.0.auto_delete": "true",
                            "disk.0.device_name": "",
                            "disk.0.disk": "",
                            "disk.0.disk_encryption_key_raw": "",
                            "disk.0.disk_encryption_key_sha256": "",
                            "disk.0.image": "ubuntu-os-cloud/ubuntu-1604-lts",
                            "disk.0.scratch": "false",
                            "disk.0.size": "40",
                            "disk.0.type": "",
                            "id": "node-0",
                            "machine_type": "n1-standard-4",
                            "metadata.%": "1",
                            "metadata.owner": "hum",
                            "metadata_fingerprint": "1LSIsyjtp7Y=",
                            "name": "node-0",
                            "network.#": "0",
                            "network_interface.#": "1",
                            "network_interface.0.access_config.#": "1",
                            "network_interface.0.access_config.0.assigned_nat_ip": "104.197.190.252",
                            "network_interface.0.access_config.0.nat_ip": "",
                            "network_interface.0.address": "10.128.0.2",
                            "network_interface.0.name": "nic0",
                            "network_interface.0.network": "node-network",
                            "network_interface.0.subnetwork": "",
                            "network_interface.0.subnetwork_project": "",
                            "self_link": "https://www.googleapis.com/compute/v1/projects/donustest-162423/zones/us-central1-a/instances/node-0",
                            "service_account.#": "0",
                            "tags_fingerprint": "42WmSpB8rSM=",
                            "zone": "us-central1-a"
                        },
                        "meta": {
                            "schema_version": "2"
                        },
                        "tainted": false
                    },
                    "deposed": [],
                    "provider": ""
                }
            },
            "depends_on": []
        }
    ]
}
