{
  "version": 4,
  "terraform_version": "1.0.11",
  "serial": 5,
  "lineage": "14a9f053-5c63-2b20-8a45-31fb5cfe0844",
  "outputs": {
    "accessor": {
      "value": "openldap_5a8f2471",
      "type": "string"
    }
  },
  "resources": [
    {
      "mode": "managed",
      "type": "vault_generic_endpoint",
      "name": "config",
      "provider": "provider[\"registry.terraform.io/hashicorp/vault\"]",
      "instances": [
        {
          "schema_version": 1,
          "attributes": {
            "data_json": "{\"binddn\":\"ou=hcvault_db2_users,O=STATEFARM,C=US\",\"bindpass\":\"gQclofzywumizJJWN\",\"certificate\":\"\",\"client_tls_cert\":\"\",\"client_tls_key\":\"\",\"insecure_tls\":\"true\",\"password_policy\":\"\",\"request_timeout\":\"90\",\"schema\":\"openldap\",\"starttls\":\"true\",\"url\":\"ldap-sbx.opr.test.statefarm.org:2636\"}",
            "disable_delete": true,
            "disable_read": true,
            "id": "openldap-db2/config",
            "ignore_absent_fields": true,
            "path": "openldap-db2/config",
            "write_data": {},
            "write_data_json": "null",
            "write_fields": null
          },
          "sensitive_attributes": [
            [
              {
                "type": "get_attr",
                "value": "data_json"
              }
            ]
          ],
          "private": "eyJzY2hlbWFfdmVyc2lvbiI6IjEifQ==",
          "dependencies": [
            "vault_mount.this"
          ]
        }
      ]
    },
    {
      "mode": "managed",
      "type": "vault_mount",
      "name": "this",
      "provider": "provider[\"registry.terraform.io/hashicorp/vault\"]",
      "instances": [
        {
          "schema_version": 0,
          "attributes": {
            "accessor": "openldap_5a8f2471",
            "default_lease_ttl_seconds": 0,
            "description": "OpenLDAP secret engine mount",
            "external_entropy_access": false,
            "id": "openldap-db2",
            "local": false,
            "max_lease_ttl_seconds": 0,
            "options": null,
            "path": "openldap-db2",
            "seal_wrap": false,
            "type": "openldap"
          },
          "sensitive_attributes": [],
          "private": "bnVsbA=="
        }
      ]
    }
  ]
}
